
Microsoft Visual Studio Solution File, Format Version 12.00
# Visual Studio 15
VisualStudioVersion = 15.0.26403.3
MinimumVisualStudioVersion = 10.0.40219.1
Project("{FAE04EC0-301F-11D3-BF4B-00C04F79EFBC}") = "UniqueUsernames", "ConsoleApp1\UniqueUsernames.csproj", "{95FFB711-6807-4659-B446-7D9A7359B28E}"
EndProject
Project("{FAE04EC0-301F-11D3-BF4B-00C04F79EFBC}") = "02. Sets Of Elements", "02. Sets Of Elements\02. Sets Of Elements.csproj", "{9CA2982C-0CFE-4DDA-8406-9FDE209D73D1}"
EndProject
Project("{FAE04EC0-301F-11D3-BF4B-00C04F79EFBC}") = "03. Periodic Table", "03. Periodic Table\03. Periodic Table.csproj", "{33DFF8DC-ECD1-490C-9DA9-A3C2E63756FB}"
EndProject
Project("{FAE04EC0-301F-11D3-BF4B-00C04F79EFBC}") = "04. Count Symbols", "04. Count Symbols\04. Count Symbols.csproj", "{5155F8FC-D296-401D-8F23-A63A2D3D4567}"
EndProject
Project("{FAE04EC0-301F-11D3-BF4B-00C04F79EFBC}") = "05. Phonebook", "05. Phonebook\05. Phonebook.csproj", "{6AB35800-EBC5-4D9F-B216-CB6C8719526E}"
EndProject
Project("{FAE04EC0-301F-11D3-BF4B-00C04F79EFBC}") = "06. A Miner's Task", "06. A Miner's Task\06. A Miner's Task.csproj", "{BA81D615-FB56-4F03-AACC-D993769EB6FF}"
EndProject
Project("{FAE04EC0-301F-11D3-BF4B-00C04F79EFBC}") = "Fix emails", "Fix emails\Fix emails.csproj", "{A78D4B63-FD47-4946-A2EB-A044730D25C2}"
EndProject
Project("{FAE04EC0-301F-11D3-BF4B-00C04F79EFBC}") = "Hands of cards", "Hands of cards\Hands of cards.csproj", "{550CF6B1-DFB9-408C-B1DC-384DDDF6F378}"
EndProject
Project("{FAE04EC0-301F-11D3-BF4B-00C04F79EFBC}") = "ParkingLot", "ParkingLot\ParkingLot.csproj", "{26988D47-11D1-4B7F-802D-E4142E7978D2}"
EndProject
Project("{FAE04EC0-301F-11D3-BF4B-00C04F79EFBC}") = "SoftuniParty", "SoftuniParty\SoftuniParty.csproj", "{6A6F7984-632A-4A70-95B8-CFEFFD9BFF22}"
EndProject
Project("{FAE04EC0-301F-11D3-BF4B-00C04F79EFBC}") = "CountSomeValuesInArray", "CountSomeValuesInArray\CountSomeValuesInArray.csproj", "{ECEE9AF4-9AF5-4E4F-B3F9-91436143D981}"
EndProject
Global
	GlobalSection(SolutionConfigurationPlatforms) = preSolution
		Debug|Any CPU = Debug|Any CPU
		Release|Any CPU = Release|Any CPU
	EndGlobalSection
	GlobalSection(ProjectConfigurationPlatforms) = postSolution
		{95FFB711-6807-4659-B446-7D9A7359B28E}.Debug|Any CPU.ActiveCfg = Debug|Any CPU
		{95FFB711-6807-4659-B446-7D9A7359B28E}.Debug|Any CPU.Build.0 = Debug|Any CPU
		{95FFB711-6807-4659-B446-7D9A7359B28E}.Release|Any CPU.ActiveCfg = Release|Any CPU
		{95FFB711-6807-4659-B446-7D9A7359B28E}.Release|Any CPU.Build.0 = Release|Any CPU
		{9CA2982C-0CFE-4DDA-8406-9FDE209D73D1}.Debug|Any CPU.ActiveCfg = Debug|Any CPU
		{9CA2982C-0CFE-4DDA-8406-9FDE209D73D1}.Debug|Any CPU.Build.0 = Debug|Any CPU
		{9CA2982C-0CFE-4DDA-8406-9FDE209D73D1}.Release|Any CPU.ActiveCfg = Release|Any CPU
		{9CA2982C-0CFE-4DDA-8406-9FDE209D73D1}.Release|Any CPU.Build.0 = Release|Any CPU
		{33DFF8DC-ECD1-490C-9DA9-A3C2E63756FB}.Debug|Any CPU.ActiveCfg = Debug|Any CPU
		{33DFF8DC-ECD1-490C-9DA9-A3C2E63756FB}.Debug|Any CPU.Build.0 = Debug|Any CPU
		{33DFF8DC-ECD1-490C-9DA9-A3C2E63756FB}.Release|Any CPU.ActiveCfg = Release|Any CPU
		{33DFF8DC-ECD1-490C-9DA9-A3C2E63756FB}.Release|Any CPU.Build.0 = Release|Any CPU
		{5155F8FC-D296-401D-8F23-A63A2D3D4567}.Debug|Any CPU.ActiveCfg = Debug|Any CPU
		{5155F8FC-D296-401D-8F23-A63A2D3D4567}.Debug|Any CPU.Build.0 = Debug|Any CPU
		{5155F8FC-D296-401D-8F23-A63A2D3D4567}.Release|Any CPU.ActiveCfg = Release|Any CPU
		{5155F8FC-D296-401D-8F23-A63A2D3D4567}.Release|Any CPU.Build.0 = Release|Any CPU
		{6AB35800-EBC5-4D9F-B216-CB6C8719526E}.Debug|Any CPU.ActiveCfg = Debug|Any CPU
		{6AB35800-EBC5-4D9F-B216-CB6C8719526E}.Debug|Any CPU.Build.0 = Debug|Any CPU
		{6AB35800-EBC5-4D9F-B216-CB6C8719526E}.Release|Any CPU.ActiveCfg = Release|Any CPU
		{6AB35800-EBC5-4D9F-B216-CB6C8719526E}.Release|Any CPU.Build.0 = Release|Any CPU
		{BA81D615-FB56-4F03-AACC-D993769EB6FF}.Debug|Any CPU.ActiveCfg = Debug|Any CPU
		{BA81D615-FB56-4F03-AACC-D993769EB6FF}.Debug|Any CPU.Build.0 = Debug|Any CPU
		{BA81D615-FB56-4F03-AACC-D993769EB6FF}.Release|Any CPU.ActiveCfg = Release|Any CPU
		{BA81D615-FB56-4F03-AACC-D993769EB6FF}.Release|Any CPU.Build.0 = Release|Any CPU
		{A78D4B63-FD47-4946-A2EB-A044730D25C2}.Debug|Any CPU.ActiveCfg = Debug|Any CPU
		{A78D4B63-FD47-4946-A2EB-A044730D25C2}.Debug|Any CPU.Build.0 = Debug|Any CPU
		{A78D4B63-FD47-4946-A2EB-A044730D25C2}.Release|Any CPU.ActiveCfg = Release|Any CPU
		{A78D4B63-FD47-4946-A2EB-A044730D25C2}.Release|Any CPU.Build.0 = Release|Any CPU
		{550CF6B1-DFB9-408C-B1DC-384DDDF6F378}.Debug|Any CPU.ActiveCfg = Debug|Any CPU
		{550CF6B1-DFB9-408C-B1DC-384DDDF6F378}.Debug|Any CPU.Build.0 = Debug|Any CPU
		{550CF6B1-DFB9-408C-B1DC-384DDDF6F378}.Release|Any CPU.ActiveCfg = Release|Any CPU
		{550CF6B1-DFB9-408C-B1DC-384DDDF6F378}.Release|Any CPU.Build.0 = Release|Any CPU
		{26988D47-11D1-4B7F-802D-E4142E7978D2}.Debug|Any CPU.ActiveCfg = Debug|Any CPU
		{26988D47-11D1-4B7F-802D-E4142E7978D2}.Debug|Any CPU.Build.0 = Debug|Any CPU
		{26988D47-11D1-4B7F-802D-E4142E7978D2}.Release|Any CPU.ActiveCfg = Release|Any CPU
		{26988D47-11D1-4B7F-802D-E4142E7978D2}.Release|Any CPU.Build.0 = Release|Any CPU
		{6A6F7984-632A-4A70-95B8-CFEFFD9BFF22}.Debug|Any CPU.ActiveCfg = Debug|Any CPU
		{6A6F7984-632A-4A70-95B8-CFEFFD9BFF22}.Debug|Any CPU.Build.0 = Debug|Any CPU
		{6A6F7984-632A-4A70-95B8-CFEFFD9BFF22}.Release|Any CPU.ActiveCfg = Release|Any CPU
		{6A6F7984-632A-4A70-95B8-CFEFFD9BFF22}.Release|Any CPU.Build.0 = Release|Any CPU
		{ECEE9AF4-9AF5-4E4F-B3F9-91436143D981}.Debug|Any CPU.ActiveCfg = Debug|Any CPU
		{ECEE9AF4-9AF5-4E4F-B3F9-91436143D981}.Debug|Any CPU.Build.0 = Debug|Any CPU
		{ECEE9AF4-9AF5-4E4F-B3F9-91436143D981}.Release|Any CPU.ActiveCfg = Release|Any CPU
		{ECEE9AF4-9AF5-4E4F-B3F9-91436143D981}.Release|Any CPU.Build.0 = Release|Any CPU
	EndGlobalSection
	GlobalSection(SolutionProperties) = preSolution
		HideSolutionNode = FALSE
	EndGlobalSection
EndGlobal
